
Microsoft Visual Studio Solution File, Format Version 12.00
# Visual Studio 2012
Project("{FAE04EC0-301F-11D3-BF4B-00C04F79EFBC}") = "Bank", "Bank\Bank.csproj", "{2FC9E08B-0DA2-451D-9AF8-F1A3D7BC8818}"
EndProject
Project("{FAE04EC0-301F-11D3-BF4B-00C04F79EFBC}") = "BankTest", "BankTest\BankTest.csproj", "{36906E50-6BD0-408D-A005-AC7D266417D0}"
EndProject
Global
	GlobalSection(SolutionConfigurationPlatforms) = preSolution
		Debug|Any CPU = Debug|Any CPU
		Release|Any CPU = Release|Any CPU
	EndGlobalSection
	GlobalSection(ProjectConfigurationPlatforms) = postSolution
		{2FC9E08B-0DA2-451D-9AF8-F1A3D7BC8818}.Debug|Any CPU.ActiveCfg = Debug|Any CPU
		{2FC9E08B-0DA2-451D-9AF8-F1A3D7BC8818}.Debug|Any CPU.Build.0 = Debug|Any CPU
		{2FC9E08B-0DA2-451D-9AF8-F1A3D7BC8818}.Release|Any CPU.ActiveCfg = Release|Any CPU
		{2FC9E08B-0DA2-451D-9AF8-F1A3D7BC8818}.Release|Any CPU.Build.0 = Release|Any CPU
		{36906E50-6BD0-408D-A005-AC7D266417D0}.Debug|Any CPU.ActiveCfg = Debug|Any CPU
		{36906E50-6BD0-408D-A005-AC7D266417D0}.Debug|Any CPU.Build.0 = Debug|Any CPU
		{36906E50-6BD0-408D-A005-AC7D266417D0}.Release|Any CPU.ActiveCfg = Release|Any CPU
		{36906E50-6BD0-408D-A005-AC7D266417D0}.Release|Any CPU.Build.0 = Release|Any CPU
	EndGlobalSection
	GlobalSection(SolutionProperties) = preSolution
		HideSolutionNode = FALSE
	EndGlobalSection
EndGlobal
